// !$*UTF8*$!
{
	archiveVersion = 1;
	classes = {
	};
	objectVersion = 46;
	objects = {

/* Begin PBXBuildFile section */
		6F32AF3B1E7046690042AF3E /* background.png in Resources */ = {isa = PBXBuildFile; fileRef = 6F32AF3A1E7046690042AF3E /* background.png */; };
		6F32AF3E1E7056E80042AF3E /* ChallengeTableViewCell.m in Sources */ = {isa = PBXBuildFile; fileRef = 6F32AF3D1E7056E80042AF3E /* ChallengeTableViewCell.m */; };
		6F9D75F21E703E7500A2C1A3 /* add.png in Resources */ = {isa = PBXBuildFile; fileRef = 6F9D75F11E703E7500A2C1A3 /* add.png */; };
		6F9D75FA1E70416E00A2C1A3 /* PlusViewController.m in Sources */ = {isa = PBXBuildFile; fileRef = 6F9D75F91E70416E00A2C1A3 /* PlusViewController.m */; };
		6F9D75FD1E7041A100A2C1A3 /* ChallengeViewController.m in Sources */ = {isa = PBXBuildFile; fileRef = 6F9D75FC1E7041A100A2C1A3 /* ChallengeViewController.m */; };
		6F9D76001E7041B100A2C1A3 /* SuccessViewController.m in Sources */ = {isa = PBXBuildFile; fileRef = 6F9D75FF1E7041B100A2C1A3 /* SuccessViewController.m */; };
		6F9D76031E7041C100A2C1A3 /* FailViewController.m in Sources */ = {isa = PBXBuildFile; fileRef = 6F9D76021E7041C100A2C1A3 /* FailViewController.m */; };
		6FB0C92E1E700CE90058DCB9 /* main.m in Sources */ = {isa = PBXBuildFile; fileRef = 6FB0C92D1E700CE90058DCB9 /* main.m */; };
		6FB0C9311E700CE90058DCB9 /* AppDelegate.m in Sources */ = {isa = PBXBuildFile; fileRef = 6FB0C9301E700CE90058DCB9 /* AppDelegate.m */; };
		6FB0C9341E700CE90058DCB9 /* MainViewController.m in Sources */ = {isa = PBXBuildFile; fileRef = 6FB0C9331E700CE90058DCB9 /* MainViewController.m */; };
		6FB0C9391E700CE90058DCB9 /* Assets.xcassets in Resources */ = {isa = PBXBuildFile; fileRef = 6FB0C9381E700CE90058DCB9 /* Assets.xcassets */; };
		6FB0C93C1E700CE90058DCB9 /* Main.storyboard in Resources */ = {isa = PBXBuildFile; fileRef = 6FB0C93A1E700CE90058DCB9 /* Main.storyboard */; };
/* End PBXBuildFile section */

/* Begin PBXFileReference section */
		6F32AF3A1E7046690042AF3E /* background.png */ = {isa = PBXFileReference; lastKnownFileType = image.png; path = background.png; sourceTree = "<group>"; };
		6F32AF3C1E7056E80042AF3E /* ChallengeTableViewCell.h */ = {isa = PBXFileReference; fileEncoding = 4; lastKnownFileType = sourcecode.c.h; path = ChallengeTableViewCell.h; sourceTree = "<group>"; };
		6F32AF3D1E7056E80042AF3E /* ChallengeTableViewCell.m */ = {isa = PBXFileReference; fileEncoding = 4; lastKnownFileType = sourcecode.c.objc; path = ChallengeTableViewCell.m; sourceTree = "<group>"; };
		6F9D75F11E703E7500A2C1A3 /* add.png */ = {isa = PBXFileReference; lastKnownFileType = image.png; path = add.png; sourceTree = "<group>"; };
		6F9D75F81E70416E00A2C1A3 /* PlusViewController.h */ = {isa = PBXFileReference; fileEncoding = 4; lastKnownFileType = sourcecode.c.h; path = PlusViewController.h; sourceTree = "<group>"; };
		6F9D75F91E70416E00A2C1A3 /* PlusViewController.m */ = {isa = PBXFileReference; fileEncoding = 4; lastKnownFileType = sourcecode.c.objc; path = PlusViewController.m; sourceTree = "<group>"; };
		6F9D75FB1E7041A100A2C1A3 /* ChallengeViewController.h */ = {isa = PBXFileReference; fileEncoding = 4; lastKnownFileType = sourcecode.c.h; path = ChallengeViewController.h; sourceTree = "<group>"; };
		6F9D75FC1E7041A100A2C1A3 /* ChallengeViewController.m */ = {isa = PBXFileReference; fileEncoding = 4; lastKnownFileType = sourcecode.c.objc; path = ChallengeViewController.m; sourceTree = "<group>"; };
		6F9D75FE1E7041B100A2C1A3 /* SuccessViewController.h */ = {isa = PBXFileReference; fileEncoding = 4; lastKnownFileType = sourcecode.c.h; path = SuccessViewController.h; sourceTree = "<group>"; };
		6F9D75FF1E7041B100A2C1A3 /* SuccessViewController.m */ = {isa = PBXFileReference; fileEncoding = 4; lastKnownFileType = sourcecode.c.objc; path = SuccessViewController.m; sourceTree = "<group>"; };
		6F9D76011E7041C100A2C1A3 /* FailViewController.h */ = {isa = PBXFileReference; fileEncoding = 4; lastKnownFileType = sourcecode.c.h; path = FailViewController.h; sourceTree = "<group>"; };
		6F9D76021E7041C100A2C1A3 /* FailViewController.m */ = {isa = PBXFileReference; fileEncoding = 4; lastKnownFileType = sourcecode.c.objc; path = FailViewController.m; sourceTree = "<group>"; };
		6FB0C9291E700CE90058DCB9 /* HoleIN.app */ = {isa = PBXFileReference; explicitFileType = wrapper.application; includeInIndex = 0; path = HoleIN.app; sourceTree = BUILT_PRODUCTS_DIR; };
		6FB0C92D1E700CE90058DCB9 /* main.m */ = {isa = PBXFileReference; lastKnownFileType = sourcecode.c.objc; path = main.m; sourceTree = "<group>"; };
		6FB0C92F1E700CE90058DCB9 /* AppDelegate.h */ = {isa = PBXFileReference; lastKnownFileType = sourcecode.c.h; path = AppDelegate.h; sourceTree = "<group>"; };
		6FB0C9301E700CE90058DCB9 /* AppDelegate.m */ = {isa = PBXFileReference; lastKnownFileType = sourcecode.c.objc; path = AppDelegate.m; sourceTree = "<group>"; };
		6FB0C9321E700CE90058DCB9 /* MainViewController.h */ = {isa = PBXFileReference; lastKnownFileType = sourcecode.c.h; path = MainViewController.h; sourceTree = "<group>"; };
		6FB0C9331E700CE90058DCB9 /* MainViewController.m */ = {isa = PBXFileReference; lastKnownFileType = sourcecode.c.objc; path = MainViewController.m; sourceTree = "<group>"; };
		6FB0C9381E700CE90058DCB9 /* Assets.xcassets */ = {isa = PBXFileReference; lastKnownFileType = folder.assetcatalog; path = Assets.xcassets; sourceTree = "<group>"; };
		6FB0C93B1E700CE90058DCB9 /* Base */ = {isa = PBXFileReference; lastKnownFileType = file.storyboard; name = Base; path = Base.lproj/Main.storyboard; sourceTree = "<group>"; };
		6FB0C93D1E700CE90058DCB9 /* Info.plist */ = {isa = PBXFileReference; lastKnownFileType = text.plist.xml; path = Info.plist; sourceTree = "<group>"; };
/* End PBXFileReference section */

/* Begin PBXFrameworksBuildPhase section */
		6FB0C9261E700CE90058DCB9 /* Frameworks */ = {
			isa = PBXFrameworksBuildPhase;
			buildActionMask = 2147483647;
			files = (
			);
			runOnlyForDeploymentPostprocessing = 0;
		};
/* End PBXFrameworksBuildPhase section */

/* Begin PBXGroup section */
		6F9D75F01E703E6200A2C1A3 /* img */ = {
			isa = PBXGroup;
			children = (
				6F32AF3A1E7046690042AF3E /* background.png */,
				6F9D75F11E703E7500A2C1A3 /* add.png */,
			);
			name = img;
			sourceTree = "<group>";
		};
		6F9D75F31E70410F00A2C1A3 /* FailView */ = {
			isa = PBXGroup;
			children = (
				6F9D76011E7041C100A2C1A3 /* FailViewController.h */,
				6F9D76021E7041C100A2C1A3 /* FailViewController.m */,
			);
			name = FailView;
			sourceTree = "<group>";
		};
		6F9D75F41E70411200A2C1A3 /* MainView */ = {
			isa = PBXGroup;
			children = (
				6FB0C9321E700CE90058DCB9 /* MainViewController.h */,
				6FB0C9331E700CE90058DCB9 /* MainViewController.m */,
			);
			name = MainView;
			sourceTree = "<group>";
		};
		6F9D75F51E70413A00A2C1A3 /* SuccessView */ = {
			isa = PBXGroup;
			children = (
				6F9D75FE1E7041B100A2C1A3 /* SuccessViewController.h */,
				6F9D75FF1E7041B100A2C1A3 /* SuccessViewController.m */,
			);
			name = SuccessView;
			sourceTree = "<group>";
		};
		6F9D75F61E70414C00A2C1A3 /* ChallengeView */ = {
			isa = PBXGroup;
			children = (
				6F9D75FB1E7041A100A2C1A3 /* ChallengeViewController.h */,
				6F9D75FC1E7041A100A2C1A3 /* ChallengeViewController.m */,
			);
			name = ChallengeView;
			sourceTree = "<group>";
		};
		6F9D75F71E70415600A2C1A3 /* PlusView */ = {
			isa = PBXGroup;
			children = (
				6F9D75F81E70416E00A2C1A3 /* PlusViewController.h */,
				6F9D75F91E70416E00A2C1A3 /* PlusViewController.m */,
			);
			name = PlusView;
			sourceTree = "<group>";
		};
		6FB0C9201E700CE90058DCB9 = {
			isa = PBXGroup;
			children = (
				6FB0C92B1E700CE90058DCB9 /* HoleIN */,
				6FB0C92A1E700CE90058DCB9 /* Products */,
			);
			sourceTree = "<group>";
		};
		6FB0C92A1E700CE90058DCB9 /* Products */ = {
			isa = PBXGroup;
			children = (
				6FB0C9291E700CE90058DCB9 /* HoleIN.app */,
			);
			name = Products;
			sourceTree = "<group>";
		};
		6FB0C92B1E700CE90058DCB9 /* HoleIN */ = {
			isa = PBXGroup;
			children = (
				6F9D75F71E70415600A2C1A3 /* PlusView */,
				6F9D75F61E70414C00A2C1A3 /* ChallengeView */,
				6F9D75F51E70413A00A2C1A3 /* SuccessView */,
				6F9D75F41E70411200A2C1A3 /* MainView */,
				6F9D75F31E70410F00A2C1A3 /* FailView */,
				6F9D75F01E703E6200A2C1A3 /* img */,
				6FB0C92F1E700CE90058DCB9 /* AppDelegate.h */,
				6FB0C9301E700CE90058DCB9 /* AppDelegate.m */,
				6FB0C9381E700CE90058DCB9 /* Assets.xcassets */,
				6FB0C93A1E700CE90058DCB9 /* Main.storyboard */,
				6FB0C93D1E700CE90058DCB9 /* Info.plist */,
				6FB0C92C1E700CE90058DCB9 /* Supporting Files */,
				6F32AF3C1E7056E80042AF3E /* ChallengeTableViewCell.h */,
				6F32AF3D1E7056E80042AF3E /* ChallengeTableViewCell.m */,
			);
			path = HoleIN;
			sourceTree = "<group>";
		};
		6FB0C92C1E700CE90058DCB9 /* Supporting Files */ = {
			isa = PBXGroup;
			children = (
				6FB0C92D1E700CE90058DCB9 /* main.m */,
			);
			name = "Supporting Files";
			sourceTree = "<group>";
		};
/* End PBXGroup section */

/* Begin PBXNativeTarget section */
		6FB0C9281E700CE90058DCB9 /* HoleIN */ = {
			isa = PBXNativeTarget;
			buildConfigurationList = 6FB0C9401E700CE90058DCB9 /* Build configuration list for PBXNativeTarget "HoleIN" */;
			buildPhases = (
				6FB0C9251E700CE90058DCB9 /* Sources */,
				6FB0C9261E700CE90058DCB9 /* Frameworks */,
				6FB0C9271E700CE90058DCB9 /* Resources */,
			);
			buildRules = (
			);
			dependencies = (
			);
			name = HoleIN;
			productName = HoleIN;
			productReference = 6FB0C9291E700CE90058DCB9 /* HoleIN.app */;
			productType = "com.apple.product-type.application";
		};
/* End PBXNativeTarget section */

/* Begin PBXProject section */
		6FB0C9211E700CE90058DCB9 /* Project object */ = {
			isa = PBXProject;
			attributes = {
				LastUpgradeCheck = 0820;
				ORGANIZATIONNAME = YoungsooHan;
				TargetAttributes = {
					6FB0C9281E700CE90058DCB9 = {
						CreatedOnToolsVersion = 8.2.1;
						DevelopmentTeam = 5AF2J46QXC;
						ProvisioningStyle = Automatic;
					};
				};
			};
			buildConfigurationList = 6FB0C9241E700CE90058DCB9 /* Build configuration list for PBXProject "HoleIN" */;
			compatibilityVersion = "Xcode 3.2";
			developmentRegion = English;
			hasScannedForEncodings = 0;
			knownRegions = (
				en,
				Base,
			);
			mainGroup = 6FB0C9201E700CE90058DCB9;
			productRefGroup = 6FB0C92A1E700CE90058DCB9 /* Products */;
			projectDirPath = "";
			projectRoot = "";
			targets = (
				6FB0C9281E700CE90058DCB9 /* HoleIN */,
			);
		};
/* End PBXProject section */

/* Begin PBXResourcesBuildPhase section */
		6FB0C9271E700CE90058DCB9 /* Resources */ = {
			isa = PBXResourcesBuildPhase;
			buildActionMask = 2147483647;
			files = (
				6FB0C93C1E700CE90058DCB9 /* Main.storyboard in Resources */,
				6F32AF3B1E7046690042AF3E /* background.png in Resources */,
				6FB0C9391E700CE90058DCB9 /* Assets.xcassets in Resources */,
				6F9D75F21E703E7500A2C1A3 /* add.png in Resources */,
			);
			runOnlyForDeploymentPostprocessing = 0;
		};
/* End PBXResourcesBuildPhase section */

/* Begin PBXSourcesBuildPhase section */
		6FB0C9251E700CE90058DCB9 /* Sources */ = {
			isa = PBXSourcesBuildPhase;
			buildActionMask = 2147483647;
			files = (
				6F9D76031E7041C100A2C1A3 /* FailViewController.m in Sources */,
				6F32AF3E1E7056E80042AF3E /* ChallengeTableViewCell.m in Sources */,
				6FB0C9341E700CE90058DCB9 /* MainViewController.m in Sources */,
				6FB0C9311E700CE90058DCB9 /* AppDelegate.m in Sources */,
				6F9D75FD1E7041A100A2C1A3 /* ChallengeViewController.m in Sources */,
				6F9D75FA1E70416E00A2C1A3 /* PlusViewController.m in Sources */,
				6F9D76001E7041B100A2C1A3 /* SuccessViewController.m in Sources */,
				6FB0C92E1E700CE90058DCB9 /* main.m in Sources */,
			);
			runOnlyForDeploymentPostprocessing = 0;
		};
/* End PBXSourcesBuildPhase section */

/* Begin PBXVariantGroup section */
		6FB0C93A1E700CE90058DCB9 /* Main.storyboard */ = {
			isa = PBXVariantGroup;
			children = (
				6FB0C93B1E700CE90058DCB9 /* Base */,
			);
			name = Main.storyboard;
			sourceTree = "<group>";
		};
/* End PBXVariantGroup section */

/* Begin XCBuildConfiguration section */
		6FB0C93E1E700CE90058DCB9 /* Debug */ = {
			isa = XCBuildConfiguration;
			buildSettings = {
				ALWAYS_SEARCH_USER_PATHS = NO;
				CLANG_ANALYZER_NONNULL = YES;
				CLANG_CXX_LANGUAGE_STANDARD = "gnu++0x";
				CLANG_CXX_LIBRARY = "libc++";
				CLANG_ENABLE_MODULES = YES;
				CLANG_ENABLE_OBJC_ARC = YES;
				CLANG_WARN_BOOL_CONVERSION = YES;
				CLANG_WARN_CONSTANT_CONVERSION = YES;
				CLANG_WARN_DIRECT_OBJC_ISA_USAGE = YES_ERROR;
				CLANG_WARN_DOCUMENTATION_COMMENTS = YES;
				CLANG_WARN_EMPTY_BODY = YES;
				CLANG_WARN_ENUM_CONVERSION = YES;
				CLANG_WARN_INFINITE_RECURSION = YES;
				CLANG_WARN_INT_CONVERSION = YES;
				CLANG_WARN_OBJC_ROOT_CLASS = YES_ERROR;
				CLANG_WARN_SUSPICIOUS_MOVE = YES;
				CLANG_WARN_UNREACHABLE_CODE = YES;
				CLANG_WARN__DUPLICATE_METHOD_MATCH = YES;
				"CODE_SIGN_IDENTITY[sdk=iphoneos*]" = "iPhone Developer";
				COPY_PHASE_STRIP = NO;
				DEBUG_INFORMATION_FORMAT = dwarf;
				ENABLE_STRICT_OBJC_MSGSEND = YES;
				ENABLE_TESTABILITY = YES;
				GCC_C_LANGUAGE_STANDARD = gnu99;
				GCC_DYNAMIC_NO_PIC = NO;
				GCC_NO_COMMON_BLOCKS = YES;
				GCC_OPTIMIZATION_LEVEL = 0;
				GCC_PREPROCESSOR_DEFINITIONS = (
					"DEBUG=1",
					"$(inherited)",
				);
				GCC_WARN_64_TO_32_BIT_CONVERSION = YES;
				GCC_WARN_ABOUT_RETURN_TYPE = YES_ERROR;
				GCC_WARN_UNDECLARED_SELECTOR = YES;
				GCC_WARN_UNINITIALIZED_AUTOS = YES_AGGRESSIVE;
				GCC_WARN_UNUSED_FUNCTION = YES;
				GCC_WARN_UNUSED_VARIABLE = YES;
				IPHONEOS_DEPLOYMENT_TARGET = 10.2;
				MTL_ENABLE_DEBUG_INFO = YES;
				ONLY_ACTIVE_ARCH = YES;
				SDKROOT = iphoneos;
			};
			name = Debug;
		};
		6FB0C93F1E700CE90058DCB9 /* Release */ = {
			isa = XCBuildConfiguration;
			buildSettings = {
				ALWAYS_SEARCH_USER_PATHS = NO;
				CLANG_ANALYZER_NONNULL = YES;
				CLANG_CXX_LANGUAGE_STANDARD = "gnu++0x";
				CLANG_CXX_LIBRARY = "libc++";
				CLANG_ENABLE_MODULES = YES;
				CLANG_ENABLE_OBJC_ARC = YES;
				CLANG_WARN_BOOL_CONVERSION = YES;
				CLANG_WARN_CONSTANT_CONVERSION = YES;
				CLANG_WARN_DIRECT_OBJC_ISA_USAGE = YES_ERROR;
				CLANG_WARN_DOCUMENTATION_COMMENTS = YES;
				CLANG_WARN_EMPTY_BODY = YES;
				CLANG_WARN_ENUM_CONVERSION = YES;
				CLANG_WARN_INFINITE_RECURSION = YES;
				CLANG_WARN_INT_CONVERSION = YES;
				CLANG_WARN_OBJC_ROOT_CLASS = YES_ERROR;
				CLANG_WARN_SUSPICIOUS_MOVE = YES;
				CLANG_WARN_UNREACHABLE_CODE = YES;
				CLANG_WARN__DUPLICATE_METHOD_MATCH = YES;
				"CODE_SIGN_IDENTITY[sdk=iphoneos*]" = "iPhone Developer";
				COPY_PHASE_STRIP = NO;
				DEBUG_INFORMATION_FORMAT = "dwarf-with-dsym";
				ENABLE_NS_ASSERTIONS = NO;
				ENABLE_STRICT_OBJC_MSGSEND = YES;
				GCC_C_LANGUAGE_STANDARD = gnu99;
				GCC_NO_COMMON_BLOCKS = YES;
				GCC_WARN_64_TO_32_BIT_CONVERSION = YES;
				GCC_WARN_ABOUT_RETURN_TYPE = YES_ERROR;
				GCC_WARN_UNDECLARED_SELECTOR = YES;
				GCC_WARN_UNINITIALIZED_AUTOS = YES_AGGRESSIVE;
				GCC_WARN_UNUSED_FUNCTION = YES;
				GCC_WARN_UNUSED_VARIABLE = YES;
				IPHONEOS_DEPLOYMENT_TARGET = 10.2;
				MTL_ENABLE_DEBUG_INFO = NO;
				SDKROOT = iphoneos;
				VALIDATE_PRODUCT = YES;
			};
			name = Release;
		};
		6FB0C9411E700CE90058DCB9 /* Debug */ = {
			isa = XCBuildConfiguration;
			buildSettings = {
				ASSETCATALOG_COMPILER_APPICON_NAME = AppIcon;
				DEVELOPMENT_TEAM = 5AF2J46QXC;
				INFOPLIST_FILE = HoleIN/Info.plist;
				LD_RUNPATH_SEARCH_PATHS = "$(inherited) @executable_path/Frameworks";
				PRODUCT_BUNDLE_IDENTIFIER = com.hys.develop.HoleIN;
				PRODUCT_NAME = "$(TARGET_NAME)";
			};
			name = Debug;
		};
		6FB0C9421E700CE90058DCB9 /* Release */ = {
			isa = XCBuildConfiguration;
			buildSettings = {
				ASSETCATALOG_COMPILER_APPICON_NAME = AppIcon;
				DEVELOPMENT_TEAM = 5AF2J46QXC;
				INFOPLIST_FILE = HoleIN/Info.plist;
				LD_RUNPATH_SEARCH_PATHS = "$(inherited) @executable_path/Frameworks";
				PRODUCT_BUNDLE_IDENTIFIER = com.hys.develop.HoleIN;
				PRODUCT_NAME = "$(TARGET_NAME)";
			};
			name = Release;
		};
/* End XCBuildConfiguration section */

/* Begin XCConfigurationList section */
		6FB0C9241E700CE90058DCB9 /* Build configuration list for PBXProject "HoleIN" */ = {
			isa = XCConfigurationList;
			buildConfigurations = (
				6FB0C93E1E700CE90058DCB9 /* Debug */,
				6FB0C93F1E700CE90058DCB9 /* Release */,
			);
			defaultConfigurationIsVisible = 0;
			defaultConfigurationName = Release;
		};
		6FB0C9401E700CE90058DCB9 /* Build configuration list for PBXNativeTarget "HoleIN" */ = {
			isa = XCConfigurationList;
			buildConfigurations = (
				6FB0C9411E700CE90058DCB9 /* Debug */,
				6FB0C9421E700CE90058DCB9 /* Release */,
			);
			defaultConfigurationIsVisible = 0;
			defaultConfigurationName = Release;
		};
/* End XCConfigurationList section */
	};
	rootObject = 6FB0C9211E700CE90058DCB9 /* Project object */;
}
